
Microsoft Visual Studio Solution File, Format Version 12.00
# Visual Studio Version 16
VisualStudioVersion = 16.0.31729.503
MinimumVisualStudioVersion = 10.0.40219.1
Project("{FAE04EC0-301F-11D3-BF4B-00C04F79EFBC}") = "researchOnlineWebsite", "researchOnlineWebsite.csproj", "{772A865F-4733-4FB5-B047-6DFB94C3E60B}"
EndProject
Global
	GlobalSection(SolutionConfigurationPlatforms) = preSolution
		Debug|Any CPU = Debug|Any CPU
		Release|Any CPU = Release|Any CPU
	EndGlobalSection
	GlobalSection(ProjectConfigurationPlatforms) = postSolution
		{772A865F-4733-4FB5-B047-6DFB94C3E60B}.Debug|Any CPU.ActiveCfg = Debug|Any CPU
		{772A865F-4733-4FB5-B047-6DFB94C3E60B}.Debug|Any CPU.Build.0 = Debug|Any CPU
		{772A865F-4733-4FB5-B047-6DFB94C3E60B}.Release|Any CPU.ActiveCfg = Release|Any CPU
		{772A865F-4733-4FB5-B047-6DFB94C3E60B}.Release|Any CPU.Build.0 = Release|Any CPU
	EndGlobalSection
	GlobalSection(SolutionProperties) = preSolution
		HideSolutionNode = FALSE
	EndGlobalSection
	GlobalSection(ExtensibilityGlobals) = postSolution
		SolutionGuid = {D510E214-9FBC-4EB4-9376-BB5E00AF390C}
	EndGlobalSection
EndGlobal
